# This file is automatically @generated by Poetry 2.1.3 and should not be changed by hand.

[[package]]
name = "amqp"
version = "5.3.1"
description = "Low-level AMQP client for Python (fork of amqplib)."
optional = false
python-versions = ">=3.6"
groups = ["main"]
files = [
    {file = "amqp-5.3.1-py3-none-any.whl", hash = "sha256:43b3319e1b4e7d1251833a93d672b4af1e40f3d632d479b98661a95f117880a2"},
    {file = "amqp-5.3.1.tar.gz", hash = "sha256:cddc00c725449522023bad949f70fff7b48f0b1ade74d170a6f10ab044739432"},
]

[package.dependencies]
vine = ">=5.0.0,<6.0.0"

[[package]]
name = "async-timeout"
version = "5.0.1"
description = "Timeout context manager for asyncio programs"
optional = false
python-versions = ">=3.8"
groups = ["main"]
markers = "python_full_version < \"3.11.3\""
files = [
    {file = "async_timeout-5.0.1-py3-none-any.whl", hash = "sha256:39e3809566ff85354557ec2398b55e096c8364bacac9405a7a1fa429e77fe76c"},
    {file = "async_timeout-5.0.1.tar.gz", hash = "sha256:d9321a7a3d5a6a5e187e824d2fa0793ce379a202935782d555d6e9d2735677d3"},
]

[[package]]
name = "billiard"
version = "4.2.1"
description = "Python multiprocessing fork with improvements and bugfixes"
optional = false
python-versions = ">=3.7"
groups = ["main"]
files = [
    {file = "billiard-4.2.1-py3-none-any.whl", hash = "sha256:40b59a4ac8806ba2c2369ea98d876bc6108b051c227baffd928c644d15d8f3cb"},
    {file = "billiard-4.2.1.tar.gz", hash = "sha256:12b641b0c539073fc8d3f5b8b7be998956665c4233c7c1fcd66a7e677c4fb36f"},
]

[[package]]
name = "celery"
version = "5.4.0"
description = "Distributed Task Queue."
optional = false
python-versions = ">=3.8"
groups = ["main"]
files = [
    {file = "celery-5.4.0-py3-none-any.whl", hash = "sha256:369631eb580cf8c51a82721ec538684994f8277637edde2dfc0dacd73ed97f64"},
    {file = "celery-5.4.0.tar.gz", hash = "sha256:504a19140e8d3029d5acad88330c541d4c3f64c789d85f94756762d8bca7e706"},
]

[package.dependencies]
billiard = ">=4.2.0,<5.0"
click = ">=8.1.2,<9.0"
click-didyoumean = ">=0.3.0"
click-plugins = ">=1.1.1"
click-repl = ">=0.2.0"
kombu = ">=5.3.4,<6.0"
python-dateutil = ">=2.8.2"
redis = {version = ">=4.5.2,<4.5.5 || >4.5.5,<6.0.0", optional = true, markers = "extra == \"redis\""}
tzdata = ">=2022.7"
vine = ">=5.1.0,<6.0"

[package.extras]
arangodb = ["pyArango (>=2.0.2)"]
auth = ["cryptography (==42.0.5)"]
azureblockblob = ["azure-storage-blob (>=12.15.0)"]
brotli = ["brotli (>=1.0.0) ; platform_python_implementation == \"CPython\"", "brotlipy (>=0.7.0) ; platform_python_implementation == \"PyPy\""]
cassandra = ["cassandra-driver (>=3.25.0,<4)"]
consul = ["python-consul2 (==0.1.5)"]
cosmosdbsql = ["pydocumentdb (==2.3.5)"]
couchbase = ["couchbase (>=3.0.0) ; platform_python_implementation != \"PyPy\" and (platform_system != \"Windows\" or python_version < \"3.10\")"]
couchdb = ["pycouchdb (==1.14.2)"]
django = ["Django (>=2.2.28)"]
dynamodb = ["boto3 (>=1.26.143)"]
elasticsearch = ["elastic-transport (<=8.13.0)", "elasticsearch (<=8.13.0)"]
eventlet = ["eventlet (>=0.32.0) ; python_version < \"3.10\""]
gcs = ["google-cloud-storage (>=2.10.0)"]
gevent = ["gevent (>=1.5.0)"]
librabbitmq = ["librabbitmq (>=2.0.0) ; python_version < \"3.11\""]
memcache = ["pylibmc (==1.6.3) ; platform_system != \"Windows\""]
mongodb = ["pymongo[srv] (>=4.0.2)"]
msgpack = ["msgpack (==1.0.8)"]
pymemcache = ["python-memcached (>=1.61)"]
pyro = ["pyro4 (==4.82) ; python_version < \"3.11\""]
pytest = ["pytest-celery[all] (>=1.0.0)"]
redis = ["redis (>=4.5.2,!=4.5.5,<6.0.0)"]
s3 = ["boto3 (>=1.26.143)"]
slmq = ["softlayer-messaging (>=1.0.3)"]
solar = ["ephem (==4.1.5) ; platform_python_implementation != \"PyPy\""]
sqlalchemy = ["sqlalchemy (>=1.4.48,<2.1)"]
sqs = ["boto3 (>=1.26.143)", "kombu[sqs] (>=5.3.4)", "pycurl (>=7.43.0.5) ; sys_platform != \"win32\" and platform_python_implementation == \"CPython\"", "urllib3 (>=1.26.16)"]
tblib = ["tblib (>=1.3.0) ; python_version < \"3.8.0\"", "tblib (>=1.5.0) ; python_version >= \"3.8.0\""]
yaml = ["PyYAML (>=3.10)"]
zookeeper = ["kazoo (>=1.3.1)"]
zstd = ["zstandard (==0.22.0)"]

[[package]]
name = "click"
version = "8.1.7"
description = "Composable command line interface toolkit"
optional = false
python-versions = ">=3.7"
groups = ["main"]
files = [
    {file = "click-8.1.7-py3-none-any.whl", hash = "sha256:ae74fb96c20a0277a1d615f1e4d73c8414f5a98db8b799a7931d1582f3390c28"},
    {file = "click-8.1.7.tar.gz", hash = "sha256:ca9853ad459e787e2192211578cc907e7594e294c7ccc834310722b41b9ca6de"},
]

[package.dependencies]
colorama = {version = "*", markers = "platform_system == \"Windows\""}

[[package]]
name = "click-didyoumean"
version = "0.3.1"
description = "Enables git-like *did-you-mean* feature in click"
optional = false
python-versions = ">=3.6.2"
groups = ["main"]
files = [
    {file = "click_didyoumean-0.3.1-py3-none-any.whl", hash = "sha256:5c4bb6007cfea5f2fd6583a2fb6701a22a41eb98957e63d0fac41c10e7c3117c"},
    {file = "click_didyoumean-0.3.1.tar.gz", hash = "sha256:4f82fdff0dbe64ef8ab2279bd6aa3f6a99c3b28c05aa09cbfc07c9d7fbb5a463"},
]

[package.dependencies]
click = ">=7"

[[package]]
name = "click-plugins"
version = "1.1.1"
description = "An extension module for click to enable registering CLI commands via setuptools entry-points."
optional = false
python-versions = "*"
groups = ["main"]
files = [
    {file = "click-plugins-1.1.1.tar.gz", hash = "sha256:46ab999744a9d831159c3411bb0c79346d94a444df9a3a3742e9ed63645f264b"},
    {file = "click_plugins-1.1.1-py2.py3-none-any.whl", hash = "sha256:5d262006d3222f5057fd81e1623d4443e41dcda5dc815c06b442aa3c02889fc8"},
]

[package.dependencies]
click = ">=4.0"

[package.extras]
dev = ["coveralls", "pytest (>=3.6)", "pytest-cov", "wheel"]

[[package]]
name = "click-repl"
version = "0.3.0"
description = "REPL plugin for Click"
optional = false
python-versions = ">=3.6"
groups = ["main"]
files = [
    {file = "click-repl-0.3.0.tar.gz", hash = "sha256:17849c23dba3d667247dc4defe1757fff98694e90fe37474f3feebb69ced26a9"},
    {file = "click_repl-0.3.0-py3-none-any.whl", hash = "sha256:fb7e06deb8da8de86180a33a9da97ac316751c094c6899382da7feeeeb51b812"},
]

[package.dependencies]
click = ">=7.0"
prompt-toolkit = ">=3.0.36"

[package.extras]
testing = ["pytest (>=7.2.1)", "pytest-cov (>=4.0.0)", "tox (>=4.4.3)"]

[[package]]
name = "colorama"
version = "0.4.6"
description = "Cross-platform colored terminal text."
optional = false
python-versions = "!=3.0.*,!=3.1.*,!=3.2.*,!=3.3.*,!=3.4.*,!=3.5.*,!=3.6.*,>=2.7"
groups = ["main", "test"]
files = [
    {file = "colorama-0.4.6-py2.py3-none-any.whl", hash = "sha256:4f1d9991f5acc0ca119f9d443620b77f9d6b33703e51011c16baf57afb285fc6"},
    {file = "colorama-0.4.6.tar.gz", hash = "sha256:08695f5cb7ed6e0531a20572697297273c47b8cae5a63ffc6d6ed5c201be6e44"},
]
markers = {main = "platform_system == \"Windows\"", test = "sys_platform == \"win32\""}

[[package]]
name = "coverage"
version = "7.13.4"
description = "Code coverage measurement for Python"
optional = false
python-versions = ">=3.10"
groups = ["test"]
files = [
    {file = "coverage-7.13.4-cp310-cp310-macosx_10_9_x86_64.whl", hash = "sha256:0fc31c787a84f8cd6027eba44010517020e0d18487064cd3d8968941856d1415"},
    {file = "coverage-7.13.4-cp310-cp310-macosx_11_0_arm64.whl", hash = "sha256:a32ebc02a1805adf637fc8dec324b5cdacd2e493515424f70ee33799573d661b"},
    {file = "coverage-7.13.4-cp310-cp310-manylinux1_i686.manylinux_2_28_i686.manylinux_2_5_i686.whl", hash = "sha256:e24f9156097ff9dc286f2f913df3a7f63c0e333dcafa3c196f2c18b4175ca09a"},
    {file = "coverage-7.13.4-cp310-cp310-manylinux1_x86_64.manylinux_2_28_x86_64.manylinux_2_5_x86_64.whl", hash = "sha256:8041b6c5bfdc03257666e9881d33b1abc88daccaf73f7b6340fb7946655cd10f"},
    {file = "coverage-7.13.4-cp310-cp310-manylinux2014_aarch64.manylinux_2_17_aarch64.manylinux_2_28_aarch64.whl", hash = "sha256:2a09cfa6a5862bc2fc6ca7c3def5b2926194a56b8ab78ffcf617d28911123012"},
    {file = "coverage-7.13.4-cp310-cp310-manylinux2014_ppc64le.manylinux_2_17_ppc64le.manylinux_2_28_ppc64le.whl", hash = "sha256:296f8b0af861d3970c2a4d8c91d48eb4dd4771bcef9baedec6a9b515d7de3def"},
    {file = "coverage-7.13.4-cp310-cp310-manylinux_2_31_riscv64.manylinux_2_39_riscv64.whl", hash = "sha256:e101609bcbbfb04605ea1027b10dc3735c094d12d40826a60f897b98b1c30256"},
    {file = "coverage-7.13.4-cp310-cp310-musllinux_1_2_aarch64.whl", hash = "sha256:aa3feb8db2e87ff5e6d00d7e1480ae241876286691265657b500886c98f38bda"},
    {file = "coverage-7.13.4-cp310-cp310-musllinux_1_2_i686.whl", hash = "sha256:4fc7fa81bbaf5a02801b65346c8b3e657f1d93763e58c0abdf7c992addd81a92"},
    {file = "coverage-7.13.4-cp310-cp310-musllinux_1_2_ppc64le.whl", hash = "sha256:33901f604424145c6e9c2398684b92e176c0b12df77d52db81c20abd48c3794c"},
    {file = "coverage-7.13.4-cp310-cp310-musllinux_1_2_riscv64.whl", hash = "sha256:bb28c0f2cf2782508a40cec377935829d5fcc3ad9a3681375af4e84eb34b6b58"},
    {file = "coverage-7.13.4-cp310-cp310-musllinux_1_2_x86_64.whl", hash = "sha256:9d107aff57a83222ddbd8d9ee705ede2af2cc926608b57abed8ef96b50b7e8f9"},
    {file = "coverage-7.13.4-cp310-cp310-win32.whl", hash = "sha256:a6f94a7d00eb18f1b6d403c91a88fd58cfc92d4b16080dfdb774afc8294469bf"},
    {file = "coverage-7.13.4-cp310-cp310-win_amd64.whl", hash = "sha256:2cb0f1e000ebc419632bbe04366a8990b6e32c4e0b51543a6484ffe15eaeda95"},
    {file = "coverage-7.13.4-cp311-cp311-macosx_10_9_x86_64.whl", hash = "sha256:d490ba50c3f35dd7c17953c68f3270e7ccd1c6642e2d2afe2d8e720b98f5a053"},
    {file = "coverage-7.13.4-cp311-cp311-macosx_11_0_arm64.whl", hash = "sha256:19bc3c88078789f8ef36acb014d7241961dbf883fd2533d18cb1e7a5b4e28b11"},
    {file = "coverage-7.13.4-cp311-cp311-manylinux1_i686.manylinux_2_28_i686.manylinux_2_5_i686.whl", hash = "sha256:3998e5a32e62fdf410c0dbd3115df86297995d6e3429af80b8798aad894ca7aa"},
    {file = "coverage-7.13.4-cp311-cp311-manylinux1_x86_64.manylinux_2_28_x86_64.manylinux_2_5_x86_64.whl", hash = "sha256:8e264226ec98e01a8e1054314af91ee6cde0eacac4f465cc93b03dbe0bce2fd7"},
    {file = "coverage-7.13.4-cp311-cp311-manylinux2014_aarch64.manylinux_2_17_aarch64.manylinux_2_28_aarch64.whl", hash = "sha256:a3aa4e7b9e416774b21797365b358a6e827ffadaaca81b69ee02946852449f00"},
    {file = "coverage-7.13.4-cp311-cp311-manylinux2014_ppc64le.manylinux_2_17_ppc64le.manylinux_2_28_ppc64le.whl", hash = "sha256:71ca20079dd8f27fcf808817e281e90220475cd75115162218d0e27549f95fef"},
    {file = "coverage-7.13.4-cp311-cp311-manylinux_2_31_riscv64.manylinux_2_39_riscv64.whl", hash = "sha256:e2f25215f1a359ab17320b47bcdaca3e6e6356652e8256f2441e4ef972052903"},
    {file = "coverage-7.13.4-cp311-cp311-musllinux_1_2_aarch64.whl", hash = "sha256:d65b2d373032411e86960604dc4edac91fdfb5dca539461cf2cbe78327d1e64f"},
    {file = "coverage-7.13.4-cp311-cp311-musllinux_1_2_i686.whl", hash = "sha256:94eb63f9b363180aff17de3e7c8760c3ba94664ea2695c52f10111244d16a299"},
    {file = "coverage-7.13.4-cp311-cp311-musllinux_1_2_ppc64le.whl", hash = "sha256:e856bf6616714c3a9fbc270ab54103f4e685ba236fa98c054e8f87f266c93505"},
    {file = "coverage-7.13.4-cp311-cp311-musllinux_1_2_riscv64.whl", hash = "sha256:65dfcbe305c3dfe658492df2d85259e0d79ead4177f9ae724b6fb245198f55d6"},
    {file = "coverage-7.13.4-cp311-cp311-musllinux_1_2_x86_64.whl", hash = "sha256:b507778ae8a4c915436ed5c2e05b4a6cecfa70f734e19c22a005152a11c7b6a9"},
    {file = "coverage-7.13.4-cp311-cp311-win32.whl", hash = "sha256:784fc3cf8be001197b652d51d3fd259b1e2262888693a4636e18879f613a62a9"},
    {file = "coverage-7.13.4-cp311-cp311-win_amd64.whl", hash = "sha256:2421d591f8ca05b308cf0092807308b2facbefe54af7c02ac22548b88b95c98f"},
    {file = "coverage-7.13.4-cp311-cp311-win_arm64.whl", hash = "sha256:79e73a76b854d9c6088fe5d8b2ebe745f8681c55f7397c3c0a016192d681045f"},
    {file = "coverage-7.13.4-cp312-cp312-macosx_10_13_x86_64.whl", hash = "sha256:02231499b08dabbe2b96612993e5fc34217cdae907a51b906ac7fca8027a4459"},
    {file = "coverage-7.13.4-cp312-cp312-macosx_11_0_arm64.whl", hash = "sha256:40aa8808140e55dc022b15d8aa7f651b6b3d68b365ea0398f1441e0b04d859c3"},
    {file = "coverage-7.13.4-cp312-cp312-manylinux1_i686.manylinux_2_28_i686.manylinux_2_5_i686.whl", hash = "sha256:5b856a8ccf749480024ff3bd7310adaef57bf31fd17e1bfc404b7940b6986634"},
    {file = "coverage-7.13.4-cp312-cp312-manylinux1_x86_64.manylinux_2_28_x86_64.manylinux_2_5_x86_64.whl", hash = "sha256:2c048ea43875fbf8b45d476ad79f179809c590ec7b79e2035c662e7afa3192e3"},
    {file = "coverage-7.13.4-cp312-cp312-manylinux2014_aarch64.manylinux_2_17_aarch64.manylinux_2_28_aarch64.whl", hash = "sha256:b7b38448866e83176e28086674fe7368ab8590e4610fb662b44e345b86d63ffa"},
    {file = "coverage-7.13.4-cp312-cp312-manylinux2014_ppc64le.manylinux_2_17_ppc64le.manylinux_2_28_ppc64le.whl", hash = "sha256:de6defc1c9badbf8b9e67ae90fd00519186d6ab64e5cc5f3d21359c2a9b2c1d3"},
    {file = "coverage-7.13.4-cp312-cp312-manylinux_2_31_riscv64.manylinux_2_39_riscv64.whl", hash = "sha256:7eda778067ad7ffccd23ecffce537dface96212576a07924cbf0d8799d2ded5a"},
    {file = "coverage-7.13.4-cp312-cp312-musllinux_1_2_aarch64.whl", hash = "sha256:e87f6c587c3f34356c3759f0420693e35e7eb0e2e41e4c011cb6ec6ecbbf1db7"},
    {file = "coverage-7.13.4-cp312-cp312-musllinux_1_2_i686.whl", hash = "sha256:8248977c2e33aecb2ced42fef99f2d319e9904a36e55a8a68b69207fb7e43edc"},
    {file = "coverage-7.13.4-cp312-cp312-musllinux_1_2_ppc64le.whl", hash = "sha256:25381386e80ae727608e662474db537d4df1ecd42379b5ba33c84633a2b36d47"},
    {file = "coverage-7.13.4-cp312-cp312-musllinux_1_2_riscv64.whl", hash = "sha256:ee756f00726693e5ba94d6df2bdfd64d4852d23b09bb0bc700e3b30e6f333985"},
    {file = "coverage-7.13.4-cp312-cp312-musllinux_1_2_x86_64.whl", hash = "sha256:fdfc1e28e7c7cdce44985b3043bc13bbd9c747520f94a4d7164af8260b3d91f0"},
    {file = "coverage-7.13.4-cp312-cp312-win32.whl", hash = "sha256:01d4cbc3c283a17fc1e42d614a119f7f438eabb593391283adca8dc86eff1246"},
    {file = "coverage-7.13.4-cp312-cp312-win_amd64.whl", hash = "sha256:9401ebc7ef522f01d01d45532c68c5ac40fb27113019b6b7d8b208f6e9baa126"},
    {file = "coverage-7.13.4-cp312-cp312-win_arm64.whl", hash = "sha256:b1ec7b6b6e93255f952e27ab58fbc68dcc468844b16ecbee881aeb29b6ab4d8d"},
    {file = "coverage-7.13.4-cp313-cp313-macosx_10_13_x86_64.whl", hash = "sha256:b66a2da594b6068b48b2692f043f35d4d3693fb639d5ea8b39533c2ad9ac3ab9"},
    {file = "coverage-7.13.4-cp313-cp313-macosx_11_0_arm64.whl", hash = "sha256:3599eb3992d814d23b35c536c28df1a882caa950f8f507cef23d1cbf334995ac"},
    {file = "coverage-7.13.4-cp313-cp313-manylinux1_i686.manylinux_2_28_i686.manylinux_2_5_i686.whl", hash = "sha256:93550784d9281e374fb5a12bf1324cc8a963fd63b2d2f223503ef0fd4aa339ea"},
    {file = "coverage-7.13.4-cp313-cp313-manylinux1_x86_64.manylinux_2_28_x86_64.manylinux_2_5_x86_64.whl", hash = "sha256:b720ce6a88a2755f7c697c23268ddc47a571b88052e6b155224347389fdf6a3b"},
    {file = "coverage-7.13.4-cp313-cp313-manylinux2014_aarch64.manylinux_2_17_aarch64.manylinux_2_28_aarch64.whl", hash = "sha256:7b322db1284a2ed3aa28ffd8ebe3db91c929b7a333c0820abec3d838ef5b3525"},
    {file = "coverage-7.13.4-cp313-cp313-manylinux2014_ppc64le.manylinux_2_17_ppc64le.manylinux_2_28_ppc64le.whl", hash = "sha256:f4594c67d8a7c89cf922d9df0438c7c7bb022ad506eddb0fdb2863359ff78242"},
    {file = "coverage-7.13.4-cp313-cp313-manylinux_2_31_riscv64.manylinux_2_39_riscv64.whl", hash = "sha256:53d133df809c743eb8bce33b24bcababb371f4441340578cd406e084d94a6148"},
    {file = "coverage-7.13.4-cp313-cp313-musllinux_1_2_aarch64.whl", hash = "sha256:76451d1978b95ba6507a039090ba076105c87cc76fc3efd5d35d72093964d49a"},
    {file = "coverage-7.13.4-cp313-cp313-musllinux_1_2_i686.whl", hash = "sha256:7f57b33491e281e962021de110b451ab8a24182589be17e12a22c79047935e23"},
    {file = "coverage-7.13.4-cp313-cp313-musllinux_1_2_ppc64le.whl", hash = "sha256:1731dc33dc276dafc410a885cbf5992f1ff171393e48a21453b78727d090de80"},
    {file = "coverage-7.13.4-cp313-cp313-musllinux_1_2_riscv64.whl", hash = "sha256:bd60d4fe2f6fa7dff9223ca1bbc9f05d2b6697bc5961072e5d3b952d46e1b1ea"},
    {file = "coverage-7.13.4-cp313-cp313-musllinux_1_2_x86_64.whl", hash = "sha256:9181a3ccead280b828fae232df12b16652702b49d41e99d657f46cc7b1f6ec7a"},
    {file = "coverage-7.13.4-cp313-cp313-win32.whl", hash = "sha256:f53d492307962561ac7de4cd1de3e363589b000ab69617c6156a16ba7237998d"},
    {file = "coverage-7.13.4-cp313-cp313-win_amd64.whl", hash = "sha256:e6f70dec1cc557e52df5306d051ef56003f74d56e9c4dd7ddb07e07ef32a84dd"},
    {file = "coverage-7.13.4-cp313-cp313-win_arm64.whl", hash = "sha256:fb07dc5da7e849e2ad31a5d74e9bece81f30ecf5a42909d0a695f8bd1874d6af"},
    {file = "coverage-7.13.4-cp313-cp313t-macosx_10_13_x86_64.whl", hash = "sha256:40d74da8e6c4b9ac18b15331c4b5ebc35a17069410cad462ad4f40dcd2d50c0d"},
    {file = "coverage-7.13.4-cp313-cp313t-macosx_11_0_arm64.whl", hash = "sha256:4223b4230a376138939a9173f1bdd6521994f2aff8047fae100d6d94d50c5a12"},
    {file = "coverage-7.13.4-cp313-cp313t-manylinux1_i686.manylinux_2_28_i686.manylinux_2_5_i686.whl", hash = "sha256:1d4be36a5114c499f9f1f9195e95ebf979460dbe2d88e6816ea202010ba1c34b"},
    {file = "coverage-7.13.4-cp313-cp313t-manylinux1_x86_64.manylinux_2_28_x86_64.manylinux_2_5_x86_64.whl", hash = "sha256:200dea7d1e8095cc6e98cdabe3fd1d21ab17d3cee6dab00cadbb2fe35d9c15b9"},
    {file = "coverage-7.13.4-cp313-cp313t-manylinux2014_aarch64.manylinux_2_17_aarch64.manylinux_2_28_aarch64.whl", hash = "sha256:b8eb931ee8e6d8243e253e5ed7336deea6904369d2fd8ae6e43f68abbf167092"},
    {file = "coverage-7.13.4-cp313-cp313t-manylinux2014_ppc64le.manylinux_2_17_ppc64le.manylinux_2_28_ppc64le.whl", hash = "sha256:75eab1ebe4f2f64d9509b984f9314d4aa788540368218b858dad56dc8f3e5eb9"},
    {file = "coverage-7.13.4-cp313-cp313t-manylinux_2_31_riscv64.manylinux_2_39_riscv64.whl", hash = "sha256:c35eb28c1d085eb7d8c9b3296567a1bebe03ce72962e932431b9a61f28facf26"},
    {file = "coverage-7.13.4-cp313-cp313t-musllinux_1_2_aarch64.whl", hash = "sha256:eb88b316ec33760714a4720feb2816a3a59180fd58c1985012054fa7aebee4c2"},
    {file = "coverage-7.13.4-cp313-cp313t-musllinux_1_2_i686.whl", hash = "sha256:7d41eead3cc673cbd38a4417deb7fd0b4ca26954ff7dc6078e33f6ff97bed940"},
    {file = "coverage-7.13.4-cp313-cp313t-musllinux_1_2_ppc64le.whl", hash = "sha256:fb26a934946a6afe0e326aebe0730cdff393a8bc0bbb65a2f41e30feddca399c"},
    {file = "coverage-7.13.4-cp313-cp313t-musllinux_1_2_riscv64.whl", hash = "sha256:dae88bc0fc77edaa65c14be099bd57ee140cf507e6bfdeea7938457ab387efb0"},
    {file = "coverage-7.13.4-cp313-cp313t-musllinux_1_2_x86_64.whl", hash = "sha256:845f352911777a8e722bfce168958214951e07e47e5d5d9744109fa5fe77f79b"},
    {file = "coverage-7.13.4-cp313-cp313t-win32.whl", hash = "sha256:2fa8d5f8de70688a28240de9e139fa16b153cc3cbb01c5f16d88d6505ebdadf9"},
    {file = "coverage-7.13.4-cp313-cp313t-win_amd64.whl", hash = "sha256:9351229c8c8407645840edcc277f4a2d44814d1bc34a2128c11c2a031d45a5dd"},
    {file = "coverage-7.13.4-cp313-cp313t-win_arm64.whl", hash = "sha256:30b8d0512f2dc8c8747557e8fb459d6176a2c9e5731e2b74d311c03b78451997"},
    {file = "coverage-7.13.4-cp314-cp314-macosx_10_15_x86_64.whl", hash = "sha256:300deaee342f90696ed186e3a00c71b5b3d27bffe9e827677954f4ee56969601"},
    {file = "coverage-7.13.4-cp314-cp314-macosx_11_0_arm64.whl", hash = "sha256:29e3220258d682b6226a9b0925bc563ed9a1ebcff3cad30f043eceea7eaf2689"},
    {file = "coverage-7.13.4-cp314-cp314-manylinux1_i686.manylinux_2_28_i686.manylinux_2_5_i686.whl", hash = "sha256:391ee8f19bef69210978363ca930f7328081c6a0152f1166c91f0b5fdd2a773c"},
    {file = "coverage-7.13.4-cp314-cp314-manylinux1_x86_64.manylinux_2_28_x86_64.manylinux_2_5_x86_64.whl", hash = "sha256:0dd7ab8278f0d58a0128ba2fca25824321f05d059c1441800e934ff2efa52129"},
    {file = "coverage-7.13.4-cp314-cp314-manylinux2014_aarch64.manylinux_2_17_aarch64.manylinux_2_28_aarch64.whl", hash = "sha256:78cdf0d578b15148b009ccf18c686aa4f719d887e76e6b40c38ffb61d264a552"},
    {file = "coverage-7.13.4-cp314-cp314-manylinux2014_ppc64le.manylinux_2_17_ppc64le.manylinux_2_28_ppc64le.whl", hash = "sha256:48685fee12c2eb3b27c62f2658e7ea21e9c3239cba5a8a242801a0a3f6a8c62a"},
    {file = "coverage-7.13.4-cp314-cp314-manylinux_2_31_riscv64.manylinux_2_39_riscv64.whl", hash = "sha256:4e83efc079eb39480e6346a15a1bcb3e9b04759c5202d157e1dd4303cd619356"},
    {file = "coverage-7.13.4-cp314-cp314-musllinux_1_2_aarch64.whl", hash = "sha256:ecae9737b72408d6a950f7e525f30aca12d4bd8dd95e37342e5beb3a2a8c4f71"},
    {file = "coverage-7.13.4-cp314-cp314-musllinux_1_2_i686.whl", hash = "sha256:ae4578f8528569d3cf303fef2ea569c7f4c4059a38c8667ccef15c6e1f118aa5"},
    {file = "coverage-7.13.4-cp314-cp314-musllinux_1_2_ppc64le.whl", hash = "sha256:6fdef321fdfbb30a197efa02d48fcd9981f0d8ad2ae8903ac318adc653f5df98"},
    {file = "coverage-7.13.4-cp314-cp314-musllinux_1_2_riscv64.whl", hash = "sha256:2b0f6ccf3dbe577170bebfce1318707d0e8c3650003cb4b3a9dd744575daa8b5"},
    {file = "coverage-7.13.4-cp314-cp314-musllinux_1_2_x86_64.whl", hash = "sha256:75fcd519f2a5765db3f0e391eb3b7d150cce1a771bf4c9f861aeab86c767a3c0"},
    {file = "coverage-7.13.4-cp314-cp314-win32.whl", hash = "sha256:8e798c266c378da2bd819b0677df41ab46d78065fb2a399558f3f6cae78b2fbb"},
    {file = "coverage-7.13.4-cp314-cp314-win_amd64.whl", hash = "sha256:245e37f664d89861cf2329c9afa2c1fe9e6d4e1a09d872c947e70718aeeac505"},
    {file = "coverage-7.13.4-cp314-cp314-win_arm64.whl", hash = "sha256:ad27098a189e5838900ce4c2a99f2fe42a0bf0c2093c17c69b45a71579e8d4a2"},
    {file = "coverage-7.13.4-cp314-cp314t-macosx_10_15_x86_64.whl", hash = "sha256:85480adfb35ffc32d40918aad81b89c69c9cc5661a9b8a81476d3e645321a056"},
    {file = "coverage-7.13.4-cp314-cp314t-macosx_11_0_arm64.whl", hash = "sha256:79be69cf7f3bf9b0deeeb062eab7ac7f36cd4cc4c4dd694bd28921ba4d8596cc"},
    {file = "coverage-7.13.4-cp314-cp314t-manylinux1_i686.manylinux_2_28_i686.manylinux_2_5_i686.whl", hash = "sha256:caa421e2684e382c5d8973ac55e4f36bed6821a9bad5c953494de960c74595c9"},
    {file = "coverage-7.13.4-cp314-cp314t-manylinux1_x86_64.manylinux_2_28_x86_64.manylinux_2_5_x86_64.whl", hash = "sha256:14375934243ee05f56c45393fe2ce81fe5cc503c07cee2bdf1725fb8bef3ffaf"},
    {file = "coverage-7.13.4-cp314-cp314t-manylinux2014_aarch64.manylinux_2_17_aarch64.manylinux_2_28_aarch64.whl", hash = "sha256:25a41c3104d08edb094d9db0d905ca54d0cd41c928bb6be3c4c799a54753af55"},
    {file = "coverage-7.13.4-cp314-cp314t-manylinux2014_ppc64le.manylinux_2_17_ppc64le.manylinux_2_28_ppc64le.whl", hash = "sha256:6f01afcff62bf9a08fb32b2c1d6e924236c0383c02c790732b6537269e466a72"},
    {file = "coverage-7.13.4-cp314-cp314t-manylinux_2_31_riscv64.manylinux_2_39_riscv64.whl", hash = "sha256:eb9078108fbf0bcdde37c3f4779303673c2fa1fe8f7956e68d447d0dd426d38a"},
    {file = "coverage-7.13.4-cp314-cp314t-musllinux_1_2_aarch64.whl", hash = "sha256:0e086334e8537ddd17e5f16a344777c1ab8194986ec533711cbe6c41cde841b6"},
    {file = "coverage-7.13.4-cp314-cp314t-musllinux_1_2_i686.whl", hash = "sha256:725d985c5ab621268b2edb8e50dfe57633dc69bda071abc470fed55a14935fd3"},
    {file = "coverage-7.13.4-cp314-cp314t-musllinux_1_2_ppc64le.whl", hash = "sha256:3c06f0f1337c667b971ca2f975523347e63ec5e500b9aa5882d91931cd3ef750"},
    {file = "coverage-7.13.4-cp314-cp314t-musllinux_1_2_riscv64.whl", hash = "sha256:590c0ed4bf8e85f745e6b805b2e1c457b2e33d5255dd9729743165253bc9ad39"},
    {file = "coverage-7.13.4-cp314-cp314t-musllinux_1_2_x86_64.whl", hash = "sha256:eb30bf180de3f632cd043322dad5751390e5385108b2807368997d1a92a509d0"},
    {file = "coverage-7.13.4-cp314-cp314t-win32.whl", hash = "sha256:c4240e7eded42d131a2d2c4dec70374b781b043ddc79a9de4d55ca71f8e98aea"},
    {file = "coverage-7.13.4-cp314-cp314t-win_amd64.whl", hash = "sha256:4c7d3cc01e7350f2f0f6f7036caaf5673fb56b6998889ccfe9e1c1fe75a9c932"},
    {file = "coverage-7.13.4-cp314-cp314t-win_arm64.whl", hash = "sha256:23e3f687cf945070d1c90f85db66d11e3025665d8dafa831301a0e0038f3db9b"},
    {file = "coverage-7.13.4-py3-none-any.whl", hash = "sha256:1af1641e57cf7ba1bd67d677c9abdbcd6cc2ab7da3bca7fa1e2b7e50e65f2ad0"},
    {file = "coverage-7.13.4.tar.gz", hash = "sha256:e5c8f6ed1e61a8b2dcdf31eb0b9bbf0130750ca79c1c49eb898e2ad86f5ccc91"},
]

[package.extras]
toml = ["tomli ; python_full_version <= \"3.11.0a6\""]

[[package]]
name = "debugpy"
version = "1.8.9"
description = "An implementation of the Debug Adapter Protocol for Python"
optional = false
python-versions = ">=3.8"
groups = ["main"]
files = [
    {file = "debugpy-1.8.9-cp310-cp310-macosx_14_0_x86_64.whl", hash = "sha256:cfe1e6c6ad7178265f74981edf1154ffce97b69005212fbc90ca22ddfe3d017e"},
    {file = "debugpy-1.8.9-cp310-cp310-manylinux_2_5_x86_64.manylinux1_x86_64.manylinux_2_17_x86_64.manylinux2014_x86_64.whl", hash = "sha256:ada7fb65102a4d2c9ab62e8908e9e9f12aed9d76ef44880367bc9308ebe49a0f"},
    {file = "debugpy-1.8.9-cp310-cp310-win32.whl", hash = "sha256:c36856343cbaa448171cba62a721531e10e7ffb0abff838004701454149bc037"},
    {file = "debugpy-1.8.9-cp310-cp310-win_amd64.whl", hash = "sha256:17c5e0297678442511cf00a745c9709e928ea4ca263d764e90d233208889a19e"},
    {file = "debugpy-1.8.9-cp311-cp311-macosx_14_0_universal2.whl", hash = "sha256:b74a49753e21e33e7cf030883a92fa607bddc4ede1aa4145172debc637780040"},
    {file = "debugpy-1.8.9-cp311-cp311-manylinux_2_5_x86_64.manylinux1_x86_64.manylinux_2_17_x86_64.manylinux2014_x86_64.whl", hash = "sha256:62d22dacdb0e296966d7d74a7141aaab4bec123fa43d1a35ddcb39bf9fd29d70"},
    {file = "debugpy-1.8.9-cp311-cp311-win32.whl", hash = "sha256:8138efff315cd09b8dcd14226a21afda4ca582284bf4215126d87342bba1cc66"},
    {file = "debugpy-1.8.9-cp311-cp311-win_amd64.whl", hash = "sha256:ff54ef77ad9f5c425398efb150239f6fe8e20c53ae2f68367eba7ece1e96226d"},
    {file = "debugpy-1.8.9-cp312-cp312-macosx_14_0_universal2.whl", hash = "sha256:957363d9a7a6612a37458d9a15e72d03a635047f946e5fceee74b50d52a9c8e2"},
    {file = "debugpy-1.8.9-cp312-cp312-manylinux_2_5_x86_64.manylinux1_x86_64.manylinux_2_17_x86_64.manylinux2014_x86_64.whl", hash = "sha256:5e565fc54b680292b418bb809f1386f17081d1346dca9a871bf69a8ac4071afe"},
    {file = "debugpy-1.8.9-cp312-cp312-win32.whl", hash = "sha256:3e59842d6c4569c65ceb3751075ff8d7e6a6ada209ceca6308c9bde932bcef11"},
    {file = "debugpy-1.8.9-cp312-cp312-win_amd64.whl", hash = "sha256:66eeae42f3137eb428ea3a86d4a55f28da9bd5a4a3d369ba95ecc3a92c1bba53"},
    {file = "debugpy-1.8.9-cp313-cp313-macosx_14_0_universal2.whl", hash = "sha256:957ecffff80d47cafa9b6545de9e016ae8c9547c98a538ee96ab5947115fb3dd"},
    {file = "debugpy-1.8.9-cp313-cp313-manylinux_2_5_x86_64.manylinux1_x86_64.manylinux_2_17_x86_64.manylinux2014_x86_64.whl", hash = "sha256:1efbb3ff61487e2c16b3e033bc8595aea578222c08aaf3c4bf0f93fadbd662ee"},
    {file = "debugpy-1.8.9-cp313-cp313-win32.whl", hash = "sha256:7c4d65d03bee875bcb211c76c1d8f10f600c305dbd734beaed4077e902606fee"},
    {file = "debugpy-1.8.9-cp313-cp313-win_amd64.whl", hash = "sha256:e46b420dc1bea64e5bbedd678148be512442bc589b0111bd799367cde051e71a"},
    {file = "debugpy-1.8.9-cp38-cp38-macosx_14_0_x86_64.whl", hash = "sha256:472a3994999fe6c0756945ffa359e9e7e2d690fb55d251639d07208dbc37caea"},
    {file = "debugpy-1.8.9-cp38-cp38-manylinux_2_5_x86_64.manylinux1_x86_64.manylinux_2_17_x86_64.manylinux2014_x86_64.whl", hash = "sha256:365e556a4772d7d0d151d7eb0e77ec4db03bcd95f26b67b15742b88cacff88e9"},
    {file = "debugpy-1.8.9-cp38-cp38-win32.whl", hash = "sha256:54a7e6d3014c408eb37b0b06021366ee985f1539e12fe49ca2ee0d392d9ceca5"},
    {file = "debugpy-1.8.9-cp38-cp38-win_amd64.whl", hash = "sha256:8e99c0b1cc7bf86d83fb95d5ccdc4ad0586d4432d489d1f54e4055bcc795f693"},
    {file = "debugpy-1.8.9-cp39-cp39-macosx_14_0_x86_64.whl", hash = "sha256:7e8b079323a56f719977fde9d8115590cb5e7a1cba2fcee0986ef8817116e7c1"},
    {file = "debugpy-1.8.9-cp39-cp39-manylinux_2_5_x86_64.manylinux1_x86_64.manylinux_2_17_x86_64.manylinux2014_x86_64.whl", hash = "sha256:6953b335b804a41f16a192fa2e7851bdcfd92173cbb2f9f777bb934f49baab65"},
    {file = "debugpy-1.8.9-cp39-cp39-win32.whl", hash = "sha256:7e646e62d4602bb8956db88b1e72fe63172148c1e25c041e03b103a25f36673c"},
    {file = "debugpy-1.8.9-cp39-cp39-win_amd64.whl", hash = "sha256:3d9755e77a2d680ce3d2c5394a444cf42be4a592caaf246dbfbdd100ffcf7ae5"},
    {file = "debugpy-1.8.9-py2.py3-none-any.whl", hash = "sha256:cc37a6c9987ad743d9c3a14fa1b1a14b7e4e6041f9dd0c8abf8895fe7a97b899"},
    {file = "debugpy-1.8.9.zip", hash = "sha256:1339e14c7d980407248f09824d1b25ff5c5616651689f1e0f0e51bdead3ea13e"},
]

[[package]]
name = "iniconfig"
version = "2.3.0"
description = "brain-dead simple config-ini parsing"
optional = false
python-versions = ">=3.10"
groups = ["test"]
files = [
    {file = "iniconfig-2.3.0-py3-none-any.whl", hash = "sha256:f631c04d2c48c52b84d0d0549c99ff3859c98df65b3101406327ecc7d53fbf12"},
    {file = "iniconfig-2.3.0.tar.gz", hash = "sha256:c76315c77db068650d49c5b56314774a7804df16fee4402c1f19d6d15d8c4730"},
]

[[package]]
name = "kombu"
version = "5.4.2"
description = "Messaging library for Python."
optional = false
python-versions = ">=3.8"
groups = ["main"]
files = [
    {file = "kombu-5.4.2-py3-none-any.whl", hash = "sha256:14212f5ccf022fc0a70453bb025a1dcc32782a588c49ea866884047d66e14763"},
    {file = "kombu-5.4.2.tar.gz", hash = "sha256:eef572dd2fd9fc614b37580e3caeafdd5af46c1eff31e7fba89138cdb406f2cf"},
]

[package.dependencies]
amqp = ">=5.1.1,<6.0.0"
tzdata = {version = "*", markers = "python_version >= \"3.9\""}
vine = "5.1.0"

[package.extras]
azureservicebus = ["azure-servicebus (>=7.10.0)"]
azurestoragequeues = ["azure-identity (>=1.12.0)", "azure-storage-queue (>=12.6.0)"]
confluentkafka = ["confluent-kafka (>=2.2.0)"]
consul = ["python-consul2 (==0.1.5)"]
librabbitmq = ["librabbitmq (>=2.0.0) ; python_version < \"3.11\""]
mongodb = ["pymongo (>=4.1.1)"]
msgpack = ["msgpack (==1.1.0)"]
pyro = ["pyro4 (==4.82)"]
qpid = ["qpid-python (>=0.26)", "qpid-tools (>=0.26)"]
redis = ["redis (>=4.5.2,!=4.5.5,!=5.0.2)"]
slmq = ["softlayer-messaging (>=1.0.3)"]
sqlalchemy = ["sqlalchemy (>=1.4.48,<2.1)"]
sqs = ["boto3 (>=1.26.143)", "pycurl (>=7.43.0.5) ; sys_platform != \"win32\" and platform_python_implementation == \"CPython\"", "urllib3 (>=1.26.16)"]
yaml = ["PyYAML (>=3.10)"]
zookeeper = ["kazoo (>=2.8.0)"]

[[package]]
name = "openrelik-worker-common"
version = "0.17.1"
description = "Common utilities for OpenRelik workers"
optional = false
python-versions = "<4.0,>=3.11"
groups = ["main"]
files = [
    {file = "openrelik_worker_common-0.17.1-py3-none-any.whl", hash = "sha256:8f640391b6d10493e7c20fce5d9307600ea6dee6914ff77c125616c340377c8e"},
    {file = "openrelik_worker_common-0.17.1.tar.gz", hash = "sha256:1ddd34a0525f1f71c873577655803a49b0fe6ebbcdc6107c0adbefd3592db1a7"},
]

[package.dependencies]
debugpy = ">=1.8.6,<2.0.0"
redis = ">=5.2.1,<6.0.0"
structlog = ">=25.4.0,<26.0.0"

[[package]]
name = "packaging"
version = "26.0"
description = "Core utilities for Python packages"
optional = false
python-versions = ">=3.8"
groups = ["test"]
files = [
    {file = "packaging-26.0-py3-none-any.whl", hash = "sha256:b36f1fef9334a5588b4166f8bcd26a14e521f2b55e6b9de3aaa80d3ff7a37529"},
    {file = "packaging-26.0.tar.gz", hash = "sha256:00243ae351a257117b6a241061796684b084ed1c516a08c48a3f7e147a9d80b4"},
]

[[package]]
name = "pluggy"
version = "1.6.0"
description = "plugin and hook calling mechanisms for python"
optional = false
python-versions = ">=3.9"
groups = ["test"]
files = [
    {file = "pluggy-1.6.0-py3-none-any.whl", hash = "sha256:e920276dd6813095e9377c0bc5566d94c932c33b27a3e3945d8389c374dd4746"},
    {file = "pluggy-1.6.0.tar.gz", hash = "sha256:7dcc130b76258d33b90f61b658791dede3486c3e6bfb003ee5c9bfb396dd22f3"},
]

[package.extras]
dev = ["pre-commit", "tox"]
testing = ["coverage", "pytest", "pytest-benchmark"]

[[package]]
name = "prompt-toolkit"
version = "3.0.48"
description = "Library for building powerful interactive command lines in Python"
optional = false
python-versions = ">=3.7.0"
groups = ["main"]
files = [
    {file = "prompt_toolkit-3.0.48-py3-none-any.whl", hash = "sha256:f49a827f90062e411f1ce1f854f2aedb3c23353244f8108b89283587397ac10e"},
    {file = "prompt_toolkit-3.0.48.tar.gz", hash = "sha256:d6623ab0477a80df74e646bdbc93621143f5caf104206aa29294d53de1a03d90"},
]

[package.dependencies]
wcwidth = "*"

[[package]]
name = "pygments"
version = "2.19.2"
description = "Pygments is a syntax highlighting package written in Python."
optional = false
python-versions = ">=3.8"
groups = ["test"]
files = [
    {file = "pygments-2.19.2-py3-none-any.whl", hash = "sha256:86540386c03d588bb81d44bc3928634ff26449851e99741617ecb9037ee5ec0b"},
    {file = "pygments-2.19.2.tar.gz", hash = "sha256:636cb2477cec7f8952536970bc533bc43743542f70392ae026374600add5b887"},
]

[package.extras]
windows-terminal = ["colorama (>=0.4.6)"]

[[package]]
name = "pyjwt"
version = "2.11.0"
description = "JSON Web Token implementation in Python"
optional = false
python-versions = ">=3.9"
groups = ["main"]
files = [
    {file = "pyjwt-2.11.0-py3-none-any.whl", hash = "sha256:94a6bde30eb5c8e04fee991062b534071fd1439ef58d2adc9ccb823e7bcd0469"},
    {file = "pyjwt-2.11.0.tar.gz", hash = "sha256:35f95c1f0fbe5d5ba6e43f00271c275f7a1a4db1dab27bf708073b75318ea623"},
]

[package.extras]
crypto = ["cryptography (>=3.4.0)"]
dev = ["coverage[toml] (==7.10.7)", "cryptography (>=3.4.0)", "pre-commit", "pytest (>=8.4.2,<9.0.0)", "sphinx", "sphinx-rtd-theme", "zope.interface"]
docs = ["sphinx", "sphinx-rtd-theme", "zope.interface"]
tests = ["coverage[toml] (==7.10.7)", "pytest (>=8.4.2,<9.0.0)"]

[[package]]
name = "pytest"
version = "9.0.2"
description = "pytest: simple powerful testing with Python"
optional = false
python-versions = ">=3.10"
groups = ["test"]
files = [
    {file = "pytest-9.0.2-py3-none-any.whl", hash = "sha256:711ffd45bf766d5264d487b917733b453d917afd2b0ad65223959f59089f875b"},
    {file = "pytest-9.0.2.tar.gz", hash = "sha256:75186651a92bd89611d1d9fc20f0b4345fd827c41ccd5c299a868a05d70edf11"},
]

[package.dependencies]
colorama = {version = ">=0.4", markers = "sys_platform == \"win32\""}
iniconfig = ">=1.0.1"
packaging = ">=22"
pluggy = ">=1.5,<2"
pygments = ">=2.7.2"

[package.extras]
dev = ["argcomplete", "attrs (>=19.2)", "hypothesis (>=3.56)", "mock", "requests", "setuptools", "xmlschema"]

[[package]]
name = "pytest-cov"
version = "5.0.0"
description = "Pytest plugin for measuring coverage."
optional = false
python-versions = ">=3.8"
groups = ["test"]
files = [
    {file = "pytest-cov-5.0.0.tar.gz", hash = "sha256:5837b58e9f6ebd335b0f8060eecce69b662415b16dc503883a02f45dfeb14857"},
    {file = "pytest_cov-5.0.0-py3-none-any.whl", hash = "sha256:4f0764a1219df53214206bf1feea4633c3b558a2925c8b59f144f682861ce652"},
]

[package.dependencies]
coverage = {version = ">=5.2.1", extras = ["toml"]}
pytest = ">=4.6"

[package.extras]
testing = ["fields", "hunter", "process-tests", "pytest-xdist", "virtualenv"]

[[package]]
name = "pytest-mock"
version = "3.15.1"
description = "Thin-wrapper around the mock package for easier use with pytest"
optional = false
python-versions = ">=3.9"
groups = ["test"]
files = [
    {file = "pytest_mock-3.15.1-py3-none-any.whl", hash = "sha256:0a25e2eb88fe5168d535041d09a4529a188176ae608a6d249ee65abc0949630d"},
    {file = "pytest_mock-3.15.1.tar.gz", hash = "sha256:1849a238f6f396da19762269de72cb1814ab44416fa73a8686deac10b0d87a0f"},
]

[package.dependencies]
pytest = ">=6.2.5"

[package.extras]
dev = ["pre-commit", "pytest-asyncio", "tox"]

[[package]]
name = "python-dateutil"
version = "2.9.0.post0"
description = "Extensions to the standard Python datetime module"
optional = false
python-versions = "!=3.0.*,!=3.1.*,!=3.2.*,>=2.7"
groups = ["main"]
files = [
    {file = "python-dateutil-2.9.0.post0.tar.gz", hash = "sha256:37dd54208da7e1cd875388217d5e00ebd4179249f90fb72437e91a35459a0ad3"},
    {file = "python_dateutil-2.9.0.post0-py2.py3-none-any.whl", hash = "sha256:a8b2bc7bffae282281c8140a97d3aa9c14da0b136dfe83f850eea9a5f7470427"},
]

[package.dependencies]
six = ">=1.5"

[[package]]
name = "redis"
version = "5.3.1"
description = "Python client for Redis database and key-value store"
optional = false
python-versions = ">=3.8"
groups = ["main"]
files = [
    {file = "redis-5.3.1-py3-none-any.whl", hash = "sha256:dc1909bd24669cc31b5f67a039700b16ec30571096c5f1f0d9d2324bff31af97"},
    {file = "redis-5.3.1.tar.gz", hash = "sha256:ca49577a531ea64039b5a36db3d6cd1a0c7a60c34124d46924a45b956e8cf14c"},
]

[package.dependencies]
async-timeout = {version = ">=4.0.3", markers = "python_full_version < \"3.11.3\""}
PyJWT = ">=2.9.0"

[package.extras]
hiredis = ["hiredis (>=3.0.0)"]
ocsp = ["cryptography (>=36.0.1)", "pyopenssl (==23.2.1)", "requests (>=2.31.0)"]

[[package]]
name = "six"
version = "1.16.0"
description = "Python 2 and 3 compatibility utilities"
optional = false
python-versions = ">=2.7, !=3.0.*, !=3.1.*, !=3.2.*"
groups = ["main"]
files = [
    {file = "six-1.16.0-py2.py3-none-any.whl", hash = "sha256:8abb2f1d86890a2dfb989f9a77cfcfd3e47c2a354b01111771326f8aa26e0254"},
    {file = "six-1.16.0.tar.gz", hash = "sha256:1e61c37477a1626458e36f7b1d82aa5c9b094fa4802892072e49de9c60c4c926"},
]

[[package]]
name = "structlog"
version = "25.5.0"
description = "Structured Logging for Python"
optional = false
python-versions = ">=3.8"
groups = ["main"]
files = [
    {file = "structlog-25.5.0-py3-none-any.whl", hash = "sha256:a8453e9b9e636ec59bd9e79bbd4a72f025981b3ba0f5837aebf48f02f37a7f9f"},
    {file = "structlog-25.5.0.tar.gz", hash = "sha256:098522a3bebed9153d4570c6d0288abf80a031dfdb2048d59a49e9dc2190fc98"},
]

[[package]]
name = "tzdata"
version = "2024.2"
description = "Provider of IANA time zone data"
optional = false
python-versions = ">=2"
groups = ["main"]
files = [
    {file = "tzdata-2024.2-py2.py3-none-any.whl", hash = "sha256:a48093786cdcde33cad18c2555e8532f34422074448fbc874186f0abd79565cd"},
    {file = "tzdata-2024.2.tar.gz", hash = "sha256:7d85cc416e9382e69095b7bdf4afd9e3880418a2413feec7069d533d6b4e31cc"},
]

[[package]]
name = "vine"
version = "5.1.0"
description = "Python promises."
optional = false
python-versions = ">=3.6"
groups = ["main"]
files = [
    {file = "vine-5.1.0-py3-none-any.whl", hash = "sha256:40fdf3c48b2cfe1c38a49e9ae2da6fda88e4794c810050a728bd7413811fb1dc"},
    {file = "vine-5.1.0.tar.gz", hash = "sha256:8b62e981d35c41049211cf62a0a1242d8c1ee9bd15bb196ce38aefd6799e61e0"},
]

[[package]]
name = "wcwidth"
version = "0.2.13"
description = "Measures the displayed width of unicode strings in a terminal"
optional = false
python-versions = "*"
groups = ["main"]
files = [
    {file = "wcwidth-0.2.13-py2.py3-none-any.whl", hash = "sha256:3da69048e4540d84af32131829ff948f1e022c1c6bdb8d6102117aac784f6859"},
    {file = "wcwidth-0.2.13.tar.gz", hash = "sha256:72ea0c06399eb286d978fdedb6923a9eb47e1c486ce63e9b4e64fc18303972b5"},
]

[metadata]
lock-version = "2.1"
python-versions = ">=3.11,<4.0"
content-hash = "818b809b50ecc5770205c9a4d71022be090fae7c41e358f3312af8b557d83fe9"
